
Microsoft Visual Studio Solution File, Format Version 12.00
# Visual Studio Version 17
VisualStudioVersion = 17.6.33723.286
MinimumVisualStudioVersion = 10.0.40219.1
Project("{FAE04EC0-301F-11D3-BF4B-00C04F79EFBC}") = "ML Demo", "ML Demo\ML Demo.csproj", "{CBCD5D51-BE41-4B2C-B3D2-8F0E368B71EA}"
EndProject
Global
	GlobalSection(SolutionConfigurationPlatforms) = preSolution
		Debug|Any CPU = Debug|Any CPU
		Release|Any CPU = Release|Any CPU
	EndGlobalSection
	GlobalSection(ProjectConfigurationPlatforms) = postSolution
		{CBCD5D51-BE41-4B2C-B3D2-8F0E368B71EA}.Debug|Any CPU.ActiveCfg = Debug|Any CPU
		{CBCD5D51-BE41-4B2C-B3D2-8F0E368B71EA}.Debug|Any CPU.Build.0 = Debug|Any CPU
		{CBCD5D51-BE41-4B2C-B3D2-8F0E368B71EA}.Release|Any CPU.ActiveCfg = Release|Any CPU
		{CBCD5D51-BE41-4B2C-B3D2-8F0E368B71EA}.Release|Any CPU.Build.0 = Release|Any CPU
	EndGlobalSection
	GlobalSection(SolutionProperties) = preSolution
		HideSolutionNode = FALSE
	EndGlobalSection
	GlobalSection(ExtensibilityGlobals) = postSolution
		SolutionGuid = {45BF6378-78E6-4D27-A7EA-D98C723A9946}
	EndGlobalSection
EndGlobal
